
Microsoft Visual Studio Solution File, Format Version 12.00
# Visual Studio 15
VisualStudioVersion = 15.0.27130.0
MinimumVisualStudioVersion = 10.0.40219.1
Project("{FAE04EC0-301F-11D3-BF4B-00C04F79EFBC}") = "voxReader", "voxReader\voxReader.csproj", "{118A6CB1-967E-40A8-805E-63728A8EEC0D}"
EndProject
Global
	GlobalSection(SolutionConfigurationPlatforms) = preSolution
		Debug|Any CPU = Debug|Any CPU
		Release|Any CPU = Release|Any CPU
	EndGlobalSection
	GlobalSection(ProjectConfigurationPlatforms) = postSolution
		{118A6CB1-967E-40A8-805E-63728A8EEC0D}.Debug|Any CPU.ActiveCfg = Debug|Any CPU
		{118A6CB1-967E-40A8-805E-63728A8EEC0D}.Debug|Any CPU.Build.0 = Debug|Any CPU
		{118A6CB1-967E-40A8-805E-63728A8EEC0D}.Release|Any CPU.ActiveCfg = Release|Any CPU
		{118A6CB1-967E-40A8-805E-63728A8EEC0D}.Release|Any CPU.Build.0 = Release|Any CPU
	EndGlobalSection
	GlobalSection(SolutionProperties) = preSolution
		HideSolutionNode = FALSE
	EndGlobalSection
	GlobalSection(ExtensibilityGlobals) = postSolution
		SolutionGuid = {590A67C2-98C4-433E-B02C-4FC68DF106DF}
	EndGlobalSection
EndGlobal
